
Microsoft Visual Studio Solution File, Format Version 12.00
# Visual Studio Version 16
VisualStudioVersion = 16.0.30611.23
MinimumVisualStudioVersion = 10.0.40219.1
Project("{FAE04EC0-301F-11D3-BF4B-00C04F79EFBC}") = "vista", "vista\vista.csproj", "{3B61F148-3B34-47DD-8D71-CEDFE2C7BCB3}"
EndProject
Project("{FAE04EC0-301F-11D3-BF4B-00C04F79EFBC}") = "dominio", "dominio\dominio.csproj", "{6997DBA6-07E0-4ED1-8920-92B48BDEB85A}"
EndProject
Project("{FAE04EC0-301F-11D3-BF4B-00C04F79EFBC}") = "ConexionDataBase", "ConexionDataBase\ConexionDataBase.csproj", "{7A1F1F00-40BD-4A76-8181-7CEA4A9D85E4}"
EndProject
Project("{FAE04EC0-301F-11D3-BF4B-00C04F79EFBC}") = "negocio", "negocio\negocio.csproj", "{703AED8F-1AF4-4C05-A7CC-1CB0FFE92D94}"
EndProject
Global
	GlobalSection(SolutionConfigurationPlatforms) = preSolution
		Debug|Any CPU = Debug|Any CPU
		Release|Any CPU = Release|Any CPU
	EndGlobalSection
	GlobalSection(ProjectConfigurationPlatforms) = postSolution
		{3B61F148-3B34-47DD-8D71-CEDFE2C7BCB3}.Debug|Any CPU.ActiveCfg = Debug|Any CPU
		{3B61F148-3B34-47DD-8D71-CEDFE2C7BCB3}.Debug|Any CPU.Build.0 = Debug|Any CPU
		{3B61F148-3B34-47DD-8D71-CEDFE2C7BCB3}.Release|Any CPU.ActiveCfg = Release|Any CPU
		{3B61F148-3B34-47DD-8D71-CEDFE2C7BCB3}.Release|Any CPU.Build.0 = Release|Any CPU
		{6997DBA6-07E0-4ED1-8920-92B48BDEB85A}.Debug|Any CPU.ActiveCfg = Debug|Any CPU
		{6997DBA6-07E0-4ED1-8920-92B48BDEB85A}.Debug|Any CPU.Build.0 = Debug|Any CPU
		{6997DBA6-07E0-4ED1-8920-92B48BDEB85A}.Release|Any CPU.ActiveCfg = Release|Any CPU
		{6997DBA6-07E0-4ED1-8920-92B48BDEB85A}.Release|Any CPU.Build.0 = Release|Any CPU
		{7A1F1F00-40BD-4A76-8181-7CEA4A9D85E4}.Debug|Any CPU.ActiveCfg = Debug|Any CPU
		{7A1F1F00-40BD-4A76-8181-7CEA4A9D85E4}.Debug|Any CPU.Build.0 = Debug|Any CPU
		{7A1F1F00-40BD-4A76-8181-7CEA4A9D85E4}.Release|Any CPU.ActiveCfg = Release|Any CPU
		{7A1F1F00-40BD-4A76-8181-7CEA4A9D85E4}.Release|Any CPU.Build.0 = Release|Any CPU
		{703AED8F-1AF4-4C05-A7CC-1CB0FFE92D94}.Debug|Any CPU.ActiveCfg = Debug|Any CPU
		{703AED8F-1AF4-4C05-A7CC-1CB0FFE92D94}.Debug|Any CPU.Build.0 = Debug|Any CPU
		{703AED8F-1AF4-4C05-A7CC-1CB0FFE92D94}.Release|Any CPU.ActiveCfg = Release|Any CPU
		{703AED8F-1AF4-4C05-A7CC-1CB0FFE92D94}.Release|Any CPU.Build.0 = Release|Any CPU
	EndGlobalSection
	GlobalSection(SolutionProperties) = preSolution
		HideSolutionNode = FALSE
	EndGlobalSection
	GlobalSection(ExtensibilityGlobals) = postSolution
		SolutionGuid = {773AAE39-04EC-4198-B731-C1D625655E01}
	EndGlobalSection
EndGlobal
