
Microsoft Visual Studio Solution File, Format Version 12.00
# Visual Studio Version 16
VisualStudioVersion = 16.0.31613.86
MinimumVisualStudioVersion = 10.0.40219.1
Project("{FAE04EC0-301F-11D3-BF4B-00C04F79EFBC}") = "TP-WinForm-API", "TP-WinForm-API.csproj", "{A97ADC08-1F73-4B27-818B-7479AAF053D7}"
EndProject
Global
	GlobalSection(SolutionConfigurationPlatforms) = preSolution
		Debug|Any CPU = Debug|Any CPU
		Release|Any CPU = Release|Any CPU
	EndGlobalSection
	GlobalSection(ProjectConfigurationPlatforms) = postSolution
		{A97ADC08-1F73-4B27-818B-7479AAF053D7}.Debug|Any CPU.ActiveCfg = Debug|Any CPU
		{A97ADC08-1F73-4B27-818B-7479AAF053D7}.Debug|Any CPU.Build.0 = Debug|Any CPU
		{A97ADC08-1F73-4B27-818B-7479AAF053D7}.Release|Any CPU.ActiveCfg = Release|Any CPU
		{A97ADC08-1F73-4B27-818B-7479AAF053D7}.Release|Any CPU.Build.0 = Release|Any CPU
	EndGlobalSection
	GlobalSection(SolutionProperties) = preSolution
		HideSolutionNode = FALSE
	EndGlobalSection
	GlobalSection(ExtensibilityGlobals) = postSolution
		SolutionGuid = {1630B565-2FED-464D-B124-DFC38270CB75}
	EndGlobalSection
EndGlobal
