
Microsoft Visual Studio Solution File, Format Version 12.00
# Visual Studio Version 16
VisualStudioVersion = 16.0.30611.23
MinimumVisualStudioVersion = 10.0.40219.1
Project("{FAE04EC0-301F-11D3-BF4B-00C04F79EFBC}") = "Probando framework", "Probando framework\Probando framework.csproj", "{3D58F17F-E407-4105-A792-02EC1C1F5815}"
EndProject
Project("{FAE04EC0-301F-11D3-BF4B-00C04F79EFBC}") = "winform-laconchadelalora", "winform-laconchadelalora\winform-laconchadelalora.csproj", "{7F821C80-EE60-4E3F-9E15-FF886391D483}"
EndProject
Global
	GlobalSection(SolutionConfigurationPlatforms) = preSolution
		Debug|Any CPU = Debug|Any CPU
		Release|Any CPU = Release|Any CPU
	EndGlobalSection
	GlobalSection(ProjectConfigurationPlatforms) = postSolution
		{3D58F17F-E407-4105-A792-02EC1C1F5815}.Debug|Any CPU.ActiveCfg = Debug|Any CPU
		{3D58F17F-E407-4105-A792-02EC1C1F5815}.Debug|Any CPU.Build.0 = Debug|Any CPU
		{3D58F17F-E407-4105-A792-02EC1C1F5815}.Release|Any CPU.ActiveCfg = Release|Any CPU
		{3D58F17F-E407-4105-A792-02EC1C1F5815}.Release|Any CPU.Build.0 = Release|Any CPU
		{7F821C80-EE60-4E3F-9E15-FF886391D483}.Debug|Any CPU.ActiveCfg = Debug|Any CPU
		{7F821C80-EE60-4E3F-9E15-FF886391D483}.Debug|Any CPU.Build.0 = Debug|Any CPU
		{7F821C80-EE60-4E3F-9E15-FF886391D483}.Release|Any CPU.ActiveCfg = Release|Any CPU
		{7F821C80-EE60-4E3F-9E15-FF886391D483}.Release|Any CPU.Build.0 = Release|Any CPU
	EndGlobalSection
	GlobalSection(SolutionProperties) = preSolution
		HideSolutionNode = FALSE
	EndGlobalSection
	GlobalSection(ExtensibilityGlobals) = postSolution
		SolutionGuid = {69B5F9D3-CD22-498D-9AE4-E1CDDEE73468}
	EndGlobalSection
EndGlobal
